<?xml version="1.0" encoding="utf-8"?>
<Project ToolsVersion="4.0" xmlns="http://schemas.microsoft.com/developer/msbuild/2003">
  <ItemGroup>
    <Filter Include="Source Files">
      <UniqueIdentifier>{4FC737F1-C7A5-4376-A066-2A32D752A2FF}</UniqueIdentifier>
      <Extensions>cpp;c;cc;cxx;def;odl;idl;hpj;bat;asm;asmx</Extensions>
    </Filter>
    <Filter Include="Header Files">
      <UniqueIdentifier>{93995380-89BD-4b04-88EB-625FBE52EBFB}</UniqueIdentifier>
      <Extensions>h;hh;hpp;hxx;hm;inl;inc;ipp;xsd</Extensions>
    </Filter>
    <Filter Include="Resource Files">
      <UniqueIdentifier>{67DA6AB6-F800-4c08-8B7A-83BB121AAD01}</UniqueIdentifier>
      <Extensions>rc;ico;cur;bmp;dlg;rc2;rct;bin;rgs;gif;jpg;jpeg;jpe;resx;tiff;tif;png;wav;mfcribbon-ms</Extensions>
    </Filter>
  </ItemGroup>
  <ItemGroup>
    <ClCompile Include="Main.cpp">
      <Filter>Source Files</Filter>
    </ClCompile>
    <ClCompile Include="Mysql_Connection.cpp">
      <Filter>Source Files</Filter>
    </ClCompile>
  </ItemGroup>
  <ItemGroup>
    <ClInclude Include="x64\Debug\include\cppconn\build_config.h">
      <Filter>Header Files</Filter>
    </ClInclude>
    <ClInclude Include="x64\Debug\include\cppconn\config.h">
      <Filter>Header Files</Filter>
    </ClInclude>
    <ClInclude Include="x64\Debug\include\cppconn\connection.h">
      <Filter>Header Files</Filter>
    </ClInclude>
    <ClInclude Include="x64\Debug\include\cppconn\datatype.h">
      <Filter>Header Files</Filter>
    </ClInclude>
    <ClInclude Include="x64\Debug\include\cppconn\driver.h">
      <Filter>Header Files</Filter>
    </ClInclude>
    <ClInclude Include="x64\Debug\include\cppconn\exception.h">
      <Filter>Header Files</Filter>
    </ClInclude>
    <ClInclude Include="x64\Debug\include\cppconn\metadata.h">
      <Filter>Header Files</Filter>
    </ClInclude>
    <ClInclude Include="x64\Debug\include\cppconn\parameter_metadata.h">
      <Filter>Header Files</Filter>
    </ClInclude>
    <ClInclude Include="x64\Debug\include\cppconn\prepared_statement.h">
      <Filter>Header Files</Filter>
    </ClInclude>
    <ClInclude Include="x64\Debug\include\cppconn\resultset.h">
      <Filter>Header Files</Filter>
    </ClInclude>
    <ClInclude Include="x64\Debug\include\cppconn\resultset_metadata.h">
      <Filter>Header Files</Filter>
    </ClInclude>
    <ClInclude Include="x64\Debug\include\cppconn\sqlstring.h">
      <Filter>Header Files</Filter>
    </ClInclude>
    <ClInclude Include="x64\Debug\include\cppconn\statement.h">
      <Filter>Header Files</Filter>
    </ClInclude>
    <ClInclude Include="x64\Debug\include\cppconn\variant.h">
      <Filter>Header Files</Filter>
    </ClInclude>
    <ClInclude Include="x64\Debug\include\cppconn\version_info.h">
      <Filter>Header Files</Filter>
    </ClInclude>
    <ClInclude Include="x64\Debug\include\cppconn\warning.h">
      <Filter>Header Files</Filter>
    </ClInclude>
    <ClInclude Include="x64\Debug\include\mysqlx\common.h">
      <Filter>Header Files</Filter>
    </ClInclude>
    <ClInclude Include="x64\Debug\include\mysqlx\common_constants.h">
      <Filter>Header Files</Filter>
    </ClInclude>
    <ClInclude Include="x64\Debug\include\mysqlx\xapi.h">
      <Filter>Header Files</Filter>
    </ClInclude>
    <ClInclude Include="x64\Debug\include\mysqlx\xdevapi.h">
      <Filter>Header Files</Filter>
    </ClInclude>
    <ClInclude Include="x64\Debug\include\mysqlx\devapi\collations.h">
      <Filter>Header Files</Filter>
    </ClInclude>
    <ClInclude Include="x64\Debug\include\mysqlx\devapi\collection_crud.h">
      <Filter>Header Files</Filter>
    </ClInclude>
    <ClInclude Include="x64\Debug\include\mysqlx\devapi\common.h">
      <Filter>Header Files</Filter>
    </ClInclude>
    <ClInclude Include="x64\Debug\include\mysqlx\devapi\crud.h">
      <Filter>Header Files</Filter>
    </ClInclude>
    <ClInclude Include="x64\Debug\include\mysqlx\devapi\document.h">
      <Filter>Header Files</Filter>
    </ClInclude>
    <ClInclude Include="x64\Debug\include\mysqlx\devapi\error.h">
      <Filter>Header Files</Filter>
    </ClInclude>
    <ClInclude Include="x64\Debug\include\mysqlx\devapi\executable.h">
      <Filter>Header Files</Filter>
    </ClInclude>
    <ClInclude Include="x64\Debug\include\mysqlx\devapi\mysql_charsets.h">
      <Filter>Header Files</Filter>
    </ClInclude>
    <ClInclude Include="x64\Debug\include\mysqlx\devapi\mysql_collations.h">
      <Filter>Header Files</Filter>
    </ClInclude>
    <ClInclude Include="x64\Debug\include\mysqlx\devapi\result.h">
      <Filter>Header Files</Filter>
    </ClInclude>
    <ClInclude Include="x64\Debug\include\mysqlx\devapi\row.h">
      <Filter>Header Files</Filter>
    </ClInclude>
    <ClInclude Include="x64\Debug\include\mysqlx\devapi\settings.h">
      <Filter>Header Files</Filter>
    </ClInclude>
    <ClInclude Include="x64\Debug\include\mysqlx\devapi\table_crud.h">
      <Filter>Header Files</Filter>
    </ClInclude>
    <ClInclude Include="x64\Debug\include\mysqlx\devapi\detail\crud.h">
      <Filter>Header Files</Filter>
    </ClInclude>
    <ClInclude Include="x64\Debug\include\mysqlx\devapi\detail\error.h">
      <Filter>Header Files</Filter>
    </ClInclude>
    <ClInclude Include="x64\Debug\include\mysqlx\devapi\detail\result.h">
      <Filter>Header Files</Filter>
    </ClInclude>
    <ClInclude Include="x64\Debug\include\mysqlx\devapi\detail\row.h">
      <Filter>Header Files</Filter>
    </ClInclude>
    <ClInclude Include="x64\Debug\include\mysqlx\devapi\detail\session.h">
      <Filter>Header Files</Filter>
    </ClInclude>
    <ClInclude Include="x64\Debug\include\mysqlx\devapi\detail\settings.h">
      <Filter>Header Files</Filter>
    </ClInclude>
    <ClInclude Include="x64\Debug\include\mysqlx\common\api.h">
      <Filter>Header Files</Filter>
    </ClInclude>
    <ClInclude Include="x64\Debug\include\mysqlx\common\error.h">
      <Filter>Header Files</Filter>
    </ClInclude>
    <ClInclude Include="x64\Debug\include\mysqlx\common\op_if.h">
      <Filter>Header Files</Filter>
    </ClInclude>
    <ClInclude Include="x64\Debug\include\mysqlx\common\settings.h">
      <Filter>Header Files</Filter>
    </ClInclude>
    <ClInclude Include="x64\Debug\include\mysqlx\common\util.h">
      <Filter>Header Files</Filter>
    </ClInclude>
    <ClInclude Include="x64\Debug\include\mysqlx\common\value.h">
      <Filter>Header Files</Filter>
    </ClInclude>
    <ClInclude Include="Mysql_Connection.h">
      <Filter>Header Files</Filter>
    </ClInclude>
  </ItemGroup>
  <ItemGroup>
    <None Include="x64\Debug\libcrypto-1_1-x64.dll" />
    <None Include="x64\Debug\libssl-1_1-x64.dll" />
    <None Include="x64\Debug\mysqlcppconn-7-vs14.dll" />
    <None Include="x64\Debug\mysqlcppconn8-2-vs14.dll" />
    <None Include="x64\Debug\vc142.idb" />
    <None Include="x64\Debug\vc142.pdb" />
    <None Include="Debug\FastRecipes.tlog\CL.command.1.tlog" />
    <None Include="Debug\FastRecipes.tlog\FastRecipes.lastbuildstate" />
    <None Include="Debug\FastRecipes.tlog\unsuccessfulbuild" />
    <None Include="x64\Debug\FastRecipes.tlog\CL.command.1.tlog" />
    <None Include="x64\Debug\FastRecipes.tlog\CL.read.1.tlog" />
    <None Include="x64\Debug\FastRecipes.tlog\CL.write.1.tlog" />
    <None Include="x64\Debug\FastRecipes.tlog\FastRecipes.lastbuildstate" />
    <None Include="x64\Debug\FastRecipes.tlog\link.command.1.tlog" />
    <None Include="x64\Debug\FastRecipes.tlog\link.read.1.tlog" />
    <None Include="x64\Debug\FastRecipes.tlog\link.write.1.tlog" />
    <None Include="x64\Release\FastRecipes.iobj" />
    <None Include="x64\Release\FastRecipes.ipdb" />
    <None Include="x64\Release\FastRecipes.pdb" />
    <None Include="x64\Release\vc142.pdb" />
    <None Include=".vs\FastRecipes\v16\Browse.VC.db" />
    <None Include=".vs\FastRecipes\v16\ipch\AutoPCH\7a15cacb012da83\MYSQL_CONNECTION.ipch" />
    <None Include=".vs\FastRecipes\v16\ipch\AutoPCH\8f58040095e553cc\MAIN.ipch" />
    <None Include=".vs\FastRecipes\v16\ipch\AutoPCH\257db45396439b3\MAIN.ipch" />
    <None Include=".vs\FastRecipes\v16\ipch\AutoPCH\4189de3b11161c1\MAIN.ipch" />
    <None Include=".vs\FastRecipes\v16\ipch\AutoPCH\b42aa2787197fd03\MAIN.ipch" />
    <None Include=".vs\FastRecipes\v16\ipch\AutoPCH\f71a0fda2f0391b3\MYSQL_CONNECTION.ipch" />
    <None Include="x64\Release\FastRecipes.tlog\link.write.1.tlog" />
    <None Include="x64\Release\FastRecipes.tlog\CL.command.1.tlog" />
    <None Include="x64\Release\FastRecipes.tlog\CL.read.1.tlog" />
    <None Include="x64\Release\FastRecipes.tlog\CL.write.1.tlog" />
    <None Include="x64\Release\FastRecipes.tlog\FastRecipes.lastbuildstate" />
    <None Include="x64\Release\FastRecipes.tlog\FastRecipes.write.1u.tlog" />
    <None Include="x64\Release\FastRecipes.tlog\link.command.1.tlog" />
    <None Include="x64\Release\FastRecipes.tlog\link.delete.1.tlog" />
    <None Include="x64\Release\FastRecipes.tlog\link.read.1.tlog" />
    <None Include="x64\Release\libcrypto-1_1-x64.dll" />
    <None Include="x64\Release\libssl-1_1-x64.dll" />
    <None Include="x64\Release\mysqlcppconn-7-vs14.dll" />
    <None Include="x64\Release\mysqlcppconn8-2-vs14.dll" />
  </ItemGroup>
  <ItemGroup>
    <Text Include="x64\Release\FastRecipes.log" />
  </ItemGroup>
  <ItemGroup>
    <Library Include="x64\Debug\lib\libcrypto.lib" />
    <Library Include="x64\Debug\lib\libssl.lib" />
    <Library Include="x64\Debug\lib\mysqlcppconn.lib" />
    <Library Include="x64\Debug\lib\mysqlcppconn8.lib" />
    <Library Include="x64\Debug\lib\mysqlcppconn8-static.lib" />
    <Library Include="x64\Debug\lib\mysqlcppconn-static.lib" />
  </ItemGroup>
</Project>